
Microsoft Visual Studio Solution File, Format Version 12.00
# Visual Studio 15
VisualStudioVersion = 15.0.26403.7
MinimumVisualStudioVersion = 10.0.40219.1
Project("{9A19103F-16F7-4668-BE54-9A1E7A4F7556}") = "Tests", "Tests\Tests.csproj", "{AD0C5109-E904-4255-87F0-AB9886489A54}"
EndProject
Project("{9A19103F-16F7-4668-BE54-9A1E7A4F7556}") = "SoftwareCraft.Maybe", "SoftwareCraft.Maybe\SoftwareCraft.Maybe.csproj", "{AF3D6A94-D7A5-4F3E-8EA9-7BB6070889B5}"
EndProject
Global
	GlobalSection(SolutionConfigurationPlatforms) = preSolution
		Debug|Any CPU = Debug|Any CPU
		Release|Any CPU = Release|Any CPU
	EndGlobalSection
	GlobalSection(ProjectConfigurationPlatforms) = postSolution
		{AD0C5109-E904-4255-87F0-AB9886489A54}.Debug|Any CPU.ActiveCfg = Debug|Any CPU
		{AD0C5109-E904-4255-87F0-AB9886489A54}.Debug|Any CPU.Build.0 = Debug|Any CPU
		{AD0C5109-E904-4255-87F0-AB9886489A54}.Release|Any CPU.ActiveCfg = Release|Any CPU
		{AD0C5109-E904-4255-87F0-AB9886489A54}.Release|Any CPU.Build.0 = Release|Any CPU
		{AF3D6A94-D7A5-4F3E-8EA9-7BB6070889B5}.Debug|Any CPU.ActiveCfg = Debug|Any CPU
		{AF3D6A94-D7A5-4F3E-8EA9-7BB6070889B5}.Debug|Any CPU.Build.0 = Debug|Any CPU
		{AF3D6A94-D7A5-4F3E-8EA9-7BB6070889B5}.Release|Any CPU.ActiveCfg = Release|Any CPU
		{AF3D6A94-D7A5-4F3E-8EA9-7BB6070889B5}.Release|Any CPU.Build.0 = Release|Any CPU
	EndGlobalSection
	GlobalSection(SolutionProperties) = preSolution
		HideSolutionNode = FALSE
	EndGlobalSection
	GlobalSection(ExtensibilityGlobals) = postSolution
		SolutionGuid = {F2EC6550-3D9F-4447-8C3D-1BB37139C130}
	EndGlobalSection
EndGlobal
